# This file is automatically @generated by Poetry 2.1.2 and should not be changed by hand.

[[package]]
name = "aiocoap"
version = "0.4.16"
description = "Python CoAP library"
optional = false
python-versions = ">=3.10"
groups = ["main"]
files = [
    {file = "aiocoap-0.4.16-py3-none-any.whl", hash = "sha256:5412219d7f1e729baa630bf3ca6e7a4b10e291d554bfd644e59d1f4e18d4051b"},
    {file = "aiocoap-0.4.16.tar.gz", hash = "sha256:1ee108d1a0bede6543f768552925c077507bd2c5196870147c3b02bad2f64961"},
]

[package.extras]
all = ["DTLSSocket (>=0.1.18) ; platform_system != \"Emscripten\"", "cbor-diag", "cbor2", "cbor2", "colorlog", "cryptography (>=2.5)", "filelock", "ge25519", "lakers-python (>=0.6,<0.7)", "pygments", "websockets (>=13,<16) ; platform_system != \"Emscripten\""]
docs = ["jupyterlab_widgets", "jupyterlite-pyodide-kernel (>=0.7.0a2)", "jupyterlite-sphinx (>=0.22)", "sphinx (>=5)", "sphinx-argparse"]
oscore = ["cbor-diag", "cbor2", "cryptography (>=2.5)", "filelock", "ge25519", "lakers-python (>=0.6,<0.7)"]
prettyprint = ["cbor-diag", "cbor2", "colorlog", "pygments (>=2.1)"]
tinydtls = ["DTLSSocket (>=0.1.18)"]
ws = ["websockets (>=13,<16) ; platform_system != \"Emscripten\""]

[metadata]
lock-version = "2.1"
python-versions = ">=3.13"
content-hash = "233919617d436faa316eef0fc3c50fbe019b5dece034e3a4046ba69e62503b59"
